<?xml version="1.0" encoding="utf-8"?>
<Project ToolsVersion="4.0" xmlns="http://schemas.microsoft.com/developer/msbuild/2003">
  <ItemGroup>
    <Filter Include="Engine">
      <UniqueIdentifier>{93995380-89BD-4b04-88EB-625FBE52EBFB}</UniqueIdentifier>
      <Extensions>h;hh;hpp;hxx;hm;inl;inc;ipp;xsd</Extensions>
    </Filter>
    <Filter Include="Main">
      <UniqueIdentifier>{4FC737F1-C7A5-4376-A066-2A32D752A2FF}</UniqueIdentifier>
      <Extensions>cpp;c;cc;cxx;def;odl;idl;hpj;bat;asm;asmx</Extensions>
    </Filter>
    <Filter Include="Engine\Objects">
      <UniqueIdentifier>{b47835d9-e282-4b4a-b054-db4e6c0114e4}</UniqueIdentifier>
    </Filter>
    <Filter Include="Engine\Physics">
      <UniqueIdentifier>{239ed357-a73d-41e4-817c-389caf9fd7db}</UniqueIdentifier>
    </Filter>
  </ItemGroup>
  <ItemGroup>
    <ClCompile Include="main.cpp">
      <Filter>Main</Filter>
    </ClCompile>
  </ItemGroup>
  <ItemGroup>
    <ClInclude Include="engine.h">
      <Filter>Engine</Filter>
    </ClInclude>
    <ClInclude Include="camera.h">
      <Filter>Engine</Filter>
    </ClInclude>
    <ClInclude Include="object\object.h">
      <Filter>Engine\Objects</Filter>
    </ClInclude>
    <ClInclude Include="object\staticObject.h">
      <Filter>Engine\Objects</Filter>
    </ClInclude>
    <ClInclude Include="renderer.h">
      <Filter>Engine</Filter>
    </ClInclude>
    <ClInclude Include="object\construct.h">
      <Filter>Engine\Objects</Filter>
    </ClInclude>
    <ClInclude Include="boundingBox.h">
      <Filter>Engine\Physics</Filter>
    </ClInclude>
  </ItemGroup>
</Project>